
Microsoft Visual Studio Solution File, Format Version 12.00
# Visual Studio Version 16
VisualStudioVersion = 16.0.30907.101
MinimumVisualStudioVersion = 10.0.40219.1
Project("{FAE04EC0-301F-11D3-BF4B-00C04F79EFBC}") = "SneakyNinja", "SneakyNinja\SneakyNinja.csproj", "{4527AA3D-5FCC-429B-9122-8812B1A09DDD}"
EndProject
Global
	GlobalSection(SolutionConfigurationPlatforms) = preSolution
		Debug|Any CPU = Debug|Any CPU
		Release|Any CPU = Release|Any CPU
	EndGlobalSection
	GlobalSection(ProjectConfigurationPlatforms) = postSolution
		{4527AA3D-5FCC-429B-9122-8812B1A09DDD}.Debug|Any CPU.ActiveCfg = Debug|Any CPU
		{4527AA3D-5FCC-429B-9122-8812B1A09DDD}.Debug|Any CPU.Build.0 = Debug|Any CPU
		{4527AA3D-5FCC-429B-9122-8812B1A09DDD}.Release|Any CPU.ActiveCfg = Release|Any CPU
		{4527AA3D-5FCC-429B-9122-8812B1A09DDD}.Release|Any CPU.Build.0 = Release|Any CPU
	EndGlobalSection
	GlobalSection(SolutionProperties) = preSolution
		HideSolutionNode = FALSE
	EndGlobalSection
	GlobalSection(ExtensibilityGlobals) = postSolution
		SolutionGuid = {EC54439F-4923-47DB-BF89-EEA519E949FC}
	EndGlobalSection
EndGlobal
